
Microsoft Visual Studio Solution File, Format Version 12.00
# Visual Studio Version 16
VisualStudioVersion = 16.0.31205.134
MinimumVisualStudioVersion = 10.0.40219.1
Project("{FAE04EC0-301F-11D3-BF4B-00C04F79EFBC}") = "array2", "array2\array2.csproj", "{B48BD6CC-8274-417B-9920-9FFD6107BA8E}"
EndProject
Global
	GlobalSection(SolutionConfigurationPlatforms) = preSolution
		Debug|Any CPU = Debug|Any CPU
		Release|Any CPU = Release|Any CPU
	EndGlobalSection
	GlobalSection(ProjectConfigurationPlatforms) = postSolution
		{B48BD6CC-8274-417B-9920-9FFD6107BA8E}.Debug|Any CPU.ActiveCfg = Debug|Any CPU
		{B48BD6CC-8274-417B-9920-9FFD6107BA8E}.Debug|Any CPU.Build.0 = Debug|Any CPU
		{B48BD6CC-8274-417B-9920-9FFD6107BA8E}.Release|Any CPU.ActiveCfg = Release|Any CPU
		{B48BD6CC-8274-417B-9920-9FFD6107BA8E}.Release|Any CPU.Build.0 = Release|Any CPU
	EndGlobalSection
	GlobalSection(SolutionProperties) = preSolution
		HideSolutionNode = FALSE
	EndGlobalSection
	GlobalSection(ExtensibilityGlobals) = postSolution
		SolutionGuid = {4F37030A-3FCA-4707-AC6B-970CFD6278B5}
	EndGlobalSection
EndGlobal
